
Microsoft Visual Studio Solution File, Format Version 12.00
# Visual Studio Version 17
VisualStudioVersion = 17.3.32811.315
MinimumVisualStudioVersion = 10.0.40219.1
Project("{FAE04EC0-301F-11D3-BF4B-00C04F79EFBC}") = "Hunting the Manticore", "Hunting the Manticore\Hunting the Manticore.csproj", "{BACD6B6F-8FDF-4C25-A737-A84F3B7349F8}"
EndProject
Global
	GlobalSection(SolutionConfigurationPlatforms) = preSolution
		Debug|Any CPU = Debug|Any CPU
		Release|Any CPU = Release|Any CPU
	EndGlobalSection
	GlobalSection(ProjectConfigurationPlatforms) = postSolution
		{BACD6B6F-8FDF-4C25-A737-A84F3B7349F8}.Debug|Any CPU.ActiveCfg = Debug|Any CPU
		{BACD6B6F-8FDF-4C25-A737-A84F3B7349F8}.Debug|Any CPU.Build.0 = Debug|Any CPU
		{BACD6B6F-8FDF-4C25-A737-A84F3B7349F8}.Release|Any CPU.ActiveCfg = Release|Any CPU
		{BACD6B6F-8FDF-4C25-A737-A84F3B7349F8}.Release|Any CPU.Build.0 = Release|Any CPU
	EndGlobalSection
	GlobalSection(SolutionProperties) = preSolution
		HideSolutionNode = FALSE
	EndGlobalSection
	GlobalSection(ExtensibilityGlobals) = postSolution
		SolutionGuid = {19B6A40D-D367-4258-9774-1E8C8D639ED7}
	EndGlobalSection
EndGlobal
