
Microsoft Visual Studio Solution File, Format Version 12.00
# Visual Studio Version 17
VisualStudioVersion = 17.4.33205.214
MinimumVisualStudioVersion = 10.0.40219.1
Project("{FAE04EC0-301F-11D3-BF4B-00C04F79EFBC}") = "The Card", "The Card\The Card.csproj", "{C13D3DB4-A5CB-4CD9-9033-DF7F8E21D61C}"
EndProject
Global
	GlobalSection(SolutionConfigurationPlatforms) = preSolution
		Debug|Any CPU = Debug|Any CPU
		Release|Any CPU = Release|Any CPU
	EndGlobalSection
	GlobalSection(ProjectConfigurationPlatforms) = postSolution
		{C13D3DB4-A5CB-4CD9-9033-DF7F8E21D61C}.Debug|Any CPU.ActiveCfg = Debug|Any CPU
		{C13D3DB4-A5CB-4CD9-9033-DF7F8E21D61C}.Debug|Any CPU.Build.0 = Debug|Any CPU
		{C13D3DB4-A5CB-4CD9-9033-DF7F8E21D61C}.Release|Any CPU.ActiveCfg = Release|Any CPU
		{C13D3DB4-A5CB-4CD9-9033-DF7F8E21D61C}.Release|Any CPU.Build.0 = Release|Any CPU
	EndGlobalSection
	GlobalSection(SolutionProperties) = preSolution
		HideSolutionNode = FALSE
	EndGlobalSection
	GlobalSection(ExtensibilityGlobals) = postSolution
		SolutionGuid = {F9DD680F-2B78-40AF-82E1-034696724EC5}
	EndGlobalSection
EndGlobal
