
Microsoft Visual Studio Solution File, Format Version 12.00
# Visual Studio Version 17
VisualStudioVersion = 17.3.32811.315
MinimumVisualStudioVersion = 10.0.40219.1
Project("{FAE04EC0-301F-11D3-BF4B-00C04F79EFBC}") = "Simulas Soup", "Simulas Soup\Simulas Soup.csproj", "{78EFABC1-9546-4327-9018-475CD60D36F2}"
EndProject
Global
	GlobalSection(SolutionConfigurationPlatforms) = preSolution
		Debug|Any CPU = Debug|Any CPU
		Release|Any CPU = Release|Any CPU
	EndGlobalSection
	GlobalSection(ProjectConfigurationPlatforms) = postSolution
		{78EFABC1-9546-4327-9018-475CD60D36F2}.Debug|Any CPU.ActiveCfg = Debug|Any CPU
		{78EFABC1-9546-4327-9018-475CD60D36F2}.Debug|Any CPU.Build.0 = Debug|Any CPU
		{78EFABC1-9546-4327-9018-475CD60D36F2}.Release|Any CPU.ActiveCfg = Release|Any CPU
		{78EFABC1-9546-4327-9018-475CD60D36F2}.Release|Any CPU.Build.0 = Release|Any CPU
	EndGlobalSection
	GlobalSection(SolutionProperties) = preSolution
		HideSolutionNode = FALSE
	EndGlobalSection
	GlobalSection(ExtensibilityGlobals) = postSolution
		SolutionGuid = {7503609B-B268-4F4D-A074-3D796BFAE22D}
	EndGlobalSection
EndGlobal
