
Microsoft Visual Studio Solution File, Format Version 12.00
# Visual Studio Version 17
VisualStudioVersion = 17.4.33205.214
MinimumVisualStudioVersion = 10.0.40219.1
Project("{FAE04EC0-301F-11D3-BF4B-00C04F79EFBC}") = "The Password Validator", "The Password Validator\The Password Validator.csproj", "{B12AFA93-2220-4D86-864B-ADCB86790D2B}"
EndProject
Global
	GlobalSection(SolutionConfigurationPlatforms) = preSolution
		Debug|Any CPU = Debug|Any CPU
		Release|Any CPU = Release|Any CPU
	EndGlobalSection
	GlobalSection(ProjectConfigurationPlatforms) = postSolution
		{B12AFA93-2220-4D86-864B-ADCB86790D2B}.Debug|Any CPU.ActiveCfg = Debug|Any CPU
		{B12AFA93-2220-4D86-864B-ADCB86790D2B}.Debug|Any CPU.Build.0 = Debug|Any CPU
		{B12AFA93-2220-4D86-864B-ADCB86790D2B}.Release|Any CPU.ActiveCfg = Release|Any CPU
		{B12AFA93-2220-4D86-864B-ADCB86790D2B}.Release|Any CPU.Build.0 = Release|Any CPU
	EndGlobalSection
	GlobalSection(SolutionProperties) = preSolution
		HideSolutionNode = FALSE
	EndGlobalSection
	GlobalSection(ExtensibilityGlobals) = postSolution
		SolutionGuid = {B6D70D2F-B735-433A-BA70-2986A9A0374E}
	EndGlobalSection
EndGlobal
